
Microsoft Visual Studio Solution File, Format Version 12.00
# Visual Studio Version 17
VisualStudioVersion = 17.2.32616.157
MinimumVisualStudioVersion = 10.0.40219.1
Project("{FAE04EC0-301F-11D3-BF4B-00C04F79EFBC}") = "simon", "simon\simon.csproj", "{B23789C5-B0DB-40F8-BB88-1448896EF908}"
EndProject
Global
	GlobalSection(SolutionConfigurationPlatforms) = preSolution
		Debug|Any CPU = Debug|Any CPU
		Release|Any CPU = Release|Any CPU
	EndGlobalSection
	GlobalSection(ProjectConfigurationPlatforms) = postSolution
		{B23789C5-B0DB-40F8-BB88-1448896EF908}.Debug|Any CPU.ActiveCfg = Debug|Any CPU
		{B23789C5-B0DB-40F8-BB88-1448896EF908}.Debug|Any CPU.Build.0 = Debug|Any CPU
		{B23789C5-B0DB-40F8-BB88-1448896EF908}.Release|Any CPU.ActiveCfg = Release|Any CPU
		{B23789C5-B0DB-40F8-BB88-1448896EF908}.Release|Any CPU.Build.0 = Release|Any CPU
	EndGlobalSection
	GlobalSection(SolutionProperties) = preSolution
		HideSolutionNode = FALSE
	EndGlobalSection
	GlobalSection(ExtensibilityGlobals) = postSolution
		SolutionGuid = {4127A073-473D-4A44-8233-C080F839D09B}
	EndGlobalSection
EndGlobal
